
Microsoft Visual Studio Solution File, Format Version 12.00
# Visual Studio Version 17
VisualStudioVersion = 17.3.32825.248
MinimumVisualStudioVersion = 10.0.40219.1
Project("{9A19103F-16F7-4668-BE54-9A1E7A4F7556}") = "Lesson6", "Lesson6\Lesson6.csproj", "{AFCDDEF3-9E50-456B-A651-79E4A8212F38}"
EndProject
Project("{9A19103F-16F7-4668-BE54-9A1E7A4F7556}") = "Lesson7", "Lesson7\Lesson7.csproj", "{68BCDECC-C6A5-410B-8639-6CC9EAB29F71}"
EndProject
Project("{FAE04EC0-301F-11D3-BF4B-00C04F79EFBC}") = "Task1", "Task1\Task1.csproj", "{31B0DCFE-6A99-49E7-B84B-A6D4D36BFFCF}"
EndProject
Global
	GlobalSection(SolutionConfigurationPlatforms) = preSolution
		Debug|Any CPU = Debug|Any CPU
		Release|Any CPU = Release|Any CPU
	EndGlobalSection
	GlobalSection(ProjectConfigurationPlatforms) = postSolution
		{AFCDDEF3-9E50-456B-A651-79E4A8212F38}.Debug|Any CPU.ActiveCfg = Debug|Any CPU
		{AFCDDEF3-9E50-456B-A651-79E4A8212F38}.Debug|Any CPU.Build.0 = Debug|Any CPU
		{AFCDDEF3-9E50-456B-A651-79E4A8212F38}.Release|Any CPU.ActiveCfg = Release|Any CPU
		{AFCDDEF3-9E50-456B-A651-79E4A8212F38}.Release|Any CPU.Build.0 = Release|Any CPU
		{68BCDECC-C6A5-410B-8639-6CC9EAB29F71}.Debug|Any CPU.ActiveCfg = Debug|Any CPU
		{68BCDECC-C6A5-410B-8639-6CC9EAB29F71}.Debug|Any CPU.Build.0 = Debug|Any CPU
		{68BCDECC-C6A5-410B-8639-6CC9EAB29F71}.Release|Any CPU.ActiveCfg = Release|Any CPU
		{68BCDECC-C6A5-410B-8639-6CC9EAB29F71}.Release|Any CPU.Build.0 = Release|Any CPU
		{31B0DCFE-6A99-49E7-B84B-A6D4D36BFFCF}.Debug|Any CPU.ActiveCfg = Debug|Any CPU
		{31B0DCFE-6A99-49E7-B84B-A6D4D36BFFCF}.Debug|Any CPU.Build.0 = Debug|Any CPU
		{31B0DCFE-6A99-49E7-B84B-A6D4D36BFFCF}.Release|Any CPU.ActiveCfg = Release|Any CPU
		{31B0DCFE-6A99-49E7-B84B-A6D4D36BFFCF}.Release|Any CPU.Build.0 = Release|Any CPU
	EndGlobalSection
	GlobalSection(SolutionProperties) = preSolution
		HideSolutionNode = FALSE
	EndGlobalSection
	GlobalSection(ExtensibilityGlobals) = postSolution
		SolutionGuid = {87F2C5E0-09FE-457F-97FF-E32188AFF059}
	EndGlobalSection
EndGlobal
